
Microsoft Visual Studio Solution File, Format Version 12.00
# Visual Studio Version 17
VisualStudioVersion = 17.14.36221.1
MinimumVisualStudioVersion = 10.0.40219.1
Project("{FAE04EC0-301F-11D3-BF4B-00C04F79EFBC}") = "API-ClinicaMedica", "API-ClinicaMedica\API-ClinicaMedica.csproj", "{75940EE8-3A91-4614-A884-1D3903822677}"
EndProject
Project("{FAE04EC0-301F-11D3-BF4B-00C04F79EFBC}") = "API-ClinicaMedica.Tests", "API-ClinicaMedica.Tests\API-ClinicaMedica.Tests.csproj", "{6C076262-DBB2-485D-B49D-96DB4A0FE96A}"
EndProject
Global
	GlobalSection(SolutionConfigurationPlatforms) = preSolution
		Debug|Any CPU = Debug|Any CPU
		Release|Any CPU = Release|Any CPU
	EndGlobalSection
	GlobalSection(ProjectConfigurationPlatforms) = postSolution
		{75940EE8-3A91-4614-A884-1D3903822677}.Debug|Any CPU.ActiveCfg = Debug|Any CPU
		{75940EE8-3A91-4614-A884-1D3903822677}.Debug|Any CPU.Build.0 = Debug|Any CPU
		{75940EE8-3A91-4614-A884-1D3903822677}.Release|Any CPU.ActiveCfg = Release|Any CPU
		{75940EE8-3A91-4614-A884-1D3903822677}.Release|Any CPU.Build.0 = Release|Any CPU
		{6C076262-DBB2-485D-B49D-96DB4A0FE96A}.Debug|Any CPU.ActiveCfg = Debug|Any CPU
		{6C076262-DBB2-485D-B49D-96DB4A0FE96A}.Debug|Any CPU.Build.0 = Debug|Any CPU
		{6C076262-DBB2-485D-B49D-96DB4A0FE96A}.Release|Any CPU.ActiveCfg = Release|Any CPU
		{6C076262-DBB2-485D-B49D-96DB4A0FE96A}.Release|Any CPU.Build.0 = Release|Any CPU
	EndGlobalSection
	GlobalSection(SolutionProperties) = preSolution
		HideSolutionNode = FALSE
	EndGlobalSection
	GlobalSection(ExtensibilityGlobals) = postSolution
		SolutionGuid = {87CCE128-DDE1-41AA-8AEF-F09E48074F61}
	EndGlobalSection
EndGlobal
